
Microsoft Visual Studio Solution File, Format Version 12.00
# Visual Studio Version 17
VisualStudioVersion = 17.7.34031.279
MinimumVisualStudioVersion = 10.0.40219.1
Project("{FAE04EC0-301F-11D3-BF4B-00C04F79EFBC}") = "Forecast.Web", "Forecast.Web\Forecast.Web.csproj", "{15B97358-7AC1-4946-88EC-D8242A7AC661}"
EndProject
Global
	GlobalSection(SolutionConfigurationPlatforms) = preSolution
		Debug|Any CPU = Debug|Any CPU
		Release|Any CPU = Release|Any CPU
	EndGlobalSection
	GlobalSection(ProjectConfigurationPlatforms) = postSolution
		{15B97358-7AC1-4946-88EC-D8242A7AC661}.Debug|Any CPU.ActiveCfg = Debug|Any CPU
		{15B97358-7AC1-4946-88EC-D8242A7AC661}.Debug|Any CPU.Build.0 = Debug|Any CPU
		{15B97358-7AC1-4946-88EC-D8242A7AC661}.Release|Any CPU.ActiveCfg = Release|Any CPU
		{15B97358-7AC1-4946-88EC-D8242A7AC661}.Release|Any CPU.Build.0 = Release|Any CPU
	EndGlobalSection
	GlobalSection(SolutionProperties) = preSolution
		HideSolutionNode = FALSE
	EndGlobalSection
	GlobalSection(ExtensibilityGlobals) = postSolution
		SolutionGuid = {DB4208FF-9B60-42D5-B646-C6E16F0398F9}
	EndGlobalSection
EndGlobal
